
Microsoft Visual Studio Solution File, Format Version 12.00
# Visual Studio Version 17
VisualStudioVersion = 17.5.33424.131
MinimumVisualStudioVersion = 10.0.40219.1
Project("{FAE04EC0-301F-11D3-BF4B-00C04F79EFBC}") = "WebApi_Autenticacao_Autorizacao_Tipo1", "WebApi_Autenticacao_Autorizacao_Tipo1\WebApi_Autenticacao_Autorizacao_Tipo1.csproj", "{E2ED0F05-B073-405C-A661-02B917721415}"
EndProject
Global
	GlobalSection(SolutionConfigurationPlatforms) = preSolution
		Debug|Any CPU = Debug|Any CPU
		Release|Any CPU = Release|Any CPU
	EndGlobalSection
	GlobalSection(ProjectConfigurationPlatforms) = postSolution
		{E2ED0F05-B073-405C-A661-02B917721415}.Debug|Any CPU.ActiveCfg = Debug|Any CPU
		{E2ED0F05-B073-405C-A661-02B917721415}.Debug|Any CPU.Build.0 = Debug|Any CPU
		{E2ED0F05-B073-405C-A661-02B917721415}.Release|Any CPU.ActiveCfg = Release|Any CPU
		{E2ED0F05-B073-405C-A661-02B917721415}.Release|Any CPU.Build.0 = Release|Any CPU
	EndGlobalSection
	GlobalSection(SolutionProperties) = preSolution
		HideSolutionNode = FALSE
	EndGlobalSection
	GlobalSection(ExtensibilityGlobals) = postSolution
		SolutionGuid = {B074DE44-3DC3-45E6-9C9B-98F2D05E9C2E}
	EndGlobalSection
EndGlobal
